// !$*UTF8*$!
{
	archiveVersion = 1;
	classes = {
	};
	objectVersion = 46;
	objects = {

/* Begin PBXBuildFile section */
		E9676AC6197A8F620054F01A /* callbacks.c in Sources */ = {isa = PBXBuildFile; fileRef = E9676A9F197A8F620054F01A /* callbacks.c */; };
		E9676AC7197A8F620054F01A /* compress.c in Sources */ = {isa = PBXBuildFile; fileRef = E9676AA1197A8F620054F01A /* compress.c */; };
		E9676AC8197A8F620054F01A /* host.c in Sources */ = {isa = PBXBuildFile; fileRef = E9676AAE197A8F620054F01A /* host.c */; };
		E9676AD2197A8F620054F01A /* list.c in Sources */ = {isa = PBXBuildFile; fileRef = E9676ABC197A8F620054F01A /* list.c */; };
		E9676AD3197A8F620054F01A /* packet.c in Sources */ = {isa = PBXBuildFile; fileRef = E9676AC0197A8F620054F01A /* packet.c */; };
		E9676AD4197A8F620054F01A /* peer.c in Sources */ = {isa = PBXBuildFile; fileRef = E9676AC1197A8F620054F01A /* peer.c */; };
		E9676AD5197A8F620054F01A /* protocol.c in Sources */ = {isa = PBXBuildFile; fileRef = E9676AC2197A8F620054F01A /* protocol.c */; };
		E9676AD6197A8F620054F01A /* unix.c in Sources */ = {isa = PBXBuildFile; fileRef = E9676AC4197A8F620054F01A /* unix.c */; };
		E9676AD9197A90DD0054F01A /* URServer.cpp in Sources */ = {isa = PBXBuildFile; fileRef = E9676AD8197A90DD0054F01A /* URServer.cpp */; };
		E9676ADC197A92630054F01A /* URClient.cpp in Sources */ = {isa = PBXBuildFile; fileRef = E9676ADB197A92630054F01A /* URClient.cpp */; };
		E9676AE7197AB95A0054F01A /* UREnemy.cpp in Sources */ = {isa = PBXBuildFile; fileRef = E9676AE6197AB95A0054F01A /* UREnemy.cpp */; };
		E9676AE9197AE5810054F01A /* URMissile.cpp in Sources */ = {isa = PBXBuildFile; fileRef = E9676AE8197AE5810054F01A /* URMissile.cpp */; };
		E9FA6E861979DB2700113827 /* URApplication.cpp in Sources */ = {isa = PBXBuildFile; fileRef = E9FA6E851979DB2700113827 /* URApplication.cpp */; };
		E9FA6E891979DB2700113827 /* URWorld.cpp in Sources */ = {isa = PBXBuildFile; fileRef = E9FA6E881979DB2700113827 /* URWorld.cpp */; };
		E9FA6E8D1979DB2700113827 /* main.cpp in Sources */ = {isa = PBXBuildFile; fileRef = E9FA6E8C1979DB2700113827 /* main.cpp */; };
		E9FA6E901979DB2700113827 /* Ur-Prefix.pch in Headers */ = {isa = PBXBuildFile; fileRef = E9FA6E8F1979DB2700113827 /* Ur-Prefix.pch */; };
		E9FA6EA4197A019000113827 /* URSpaceShip.cpp in Sources */ = {isa = PBXBuildFile; fileRef = E9FA6EA3197A019000113827 /* URSpaceShip.cpp */; };
/* End PBXBuildFile section */

/* Begin PBXFileReference section */
		E9676A9F197A8F620054F01A /* callbacks.c */ = {isa = PBXFileReference; fileEncoding = 4; lastKnownFileType = sourcecode.c.c; path = callbacks.c; sourceTree = "<group>"; };
		E9676AA1197A8F620054F01A /* compress.c */ = {isa = PBXFileReference; fileEncoding = 4; lastKnownFileType = sourcecode.c.c; path = compress.c; sourceTree = "<group>"; };
		E9676AAE197A8F620054F01A /* host.c */ = {isa = PBXFileReference; fileEncoding = 4; lastKnownFileType = sourcecode.c.c; path = host.c; sourceTree = "<group>"; };
		E9676ABC197A8F620054F01A /* list.c */ = {isa = PBXFileReference; fileEncoding = 4; lastKnownFileType = sourcecode.c.c; path = list.c; sourceTree = "<group>"; };
		E9676AC0197A8F620054F01A /* packet.c */ = {isa = PBXFileReference; fileEncoding = 4; lastKnownFileType = sourcecode.c.c; path = packet.c; sourceTree = "<group>"; };
		E9676AC1197A8F620054F01A /* peer.c */ = {isa = PBXFileReference; fileEncoding = 4; lastKnownFileType = sourcecode.c.c; path = peer.c; sourceTree = "<group>"; };
		E9676AC2197A8F620054F01A /* protocol.c */ = {isa = PBXFileReference; fileEncoding = 4; lastKnownFileType = sourcecode.c.c; path = protocol.c; sourceTree = "<group>"; };
		E9676AC4197A8F620054F01A /* unix.c */ = {isa = PBXFileReference; fileEncoding = 4; lastKnownFileType = sourcecode.c.c; path = unix.c; sourceTree = "<group>"; };
		E9676AD8197A90DD0054F01A /* URServer.cpp */ = {isa = PBXFileReference; fileEncoding = 4; lastKnownFileType = sourcecode.cpp.cpp; name = URServer.cpp; path = Classes/URServer.cpp; sourceTree = "<group>"; };
		E9676ADA197A90E90054F01A /* URServer.h */ = {isa = PBXFileReference; lastKnownFileType = sourcecode.c.h; name = URServer.h; path = Classes/URServer.h; sourceTree = "<group>"; };
		E9676ADB197A92630054F01A /* URClient.cpp */ = {isa = PBXFileReference; fileEncoding = 4; lastKnownFileType = sourcecode.cpp.cpp; name = URClient.cpp; path = Classes/URClient.cpp; sourceTree = "<group>"; };
		E9676ADD197A92C70054F01A /* URClient.h */ = {isa = PBXFileReference; lastKnownFileType = sourcecode.c.h; name = URClient.h; path = Classes/URClient.h; sourceTree = "<group>"; };
		E9676ADE197AA0970054F01A /* URPacket.h */ = {isa = PBXFileReference; lastKnownFileType = sourcecode.c.h; name = URPacket.h; path = Classes/URPacket.h; sourceTree = "<group>"; };
		E9676AE5197AB9430054F01A /* UREnemy.h */ = {isa = PBXFileReference; lastKnownFileType = sourcecode.c.h; name = UREnemy.h; path = Classes/UREnemy.h; sourceTree = "<group>"; };
		E9676AE6197AB95A0054F01A /* UREnemy.cpp */ = {isa = PBXFileReference; fileEncoding = 4; lastKnownFileType = sourcecode.cpp.cpp; name = UREnemy.cpp; path = Classes/UREnemy.cpp; sourceTree = "<group>"; };
		E9676AE8197AE5810054F01A /* URMissile.cpp */ = {isa = PBXFileReference; fileEncoding = 4; lastKnownFileType = sourcecode.cpp.cpp; name = URMissile.cpp; path = Classes/URMissile.cpp; sourceTree = "<group>"; };
		E9676AEA197AE58E0054F01A /* URMissile.h */ = {isa = PBXFileReference; lastKnownFileType = sourcecode.c.h; name = URMissile.h; path = Classes/URMissile.h; sourceTree = "<group>"; };
		E9FA6E811979DB2700113827 /* Ur.app */ = {isa = PBXFileReference; explicitFileType = wrapper.application; includeInIndex = 0; path = Ur.app; sourceTree = BUILT_PRODUCTS_DIR; };
		E9FA6E851979DB2700113827 /* URApplication.cpp */ = {isa = PBXFileReference; lastKnownFileType = sourcecode.cpp.cpp; name = URApplication.cpp; path = Classes/URApplication.cpp; sourceTree = "<group>"; };
		E9FA6E871979DB2700113827 /* URApplication.h */ = {isa = PBXFileReference; lastKnownFileType = sourcecode.c.h; name = URApplication.h; path = Classes/URApplication.h; sourceTree = "<group>"; };
		E9FA6E881979DB2700113827 /* URWorld.cpp */ = {isa = PBXFileReference; lastKnownFileType = sourcecode.cpp.cpp; name = URWorld.cpp; path = Classes/URWorld.cpp; sourceTree = "<group>"; };
		E9FA6E8A1979DB2700113827 /* URWorld.h */ = {isa = PBXFileReference; lastKnownFileType = sourcecode.c.h; name = URWorld.h; path = Classes/URWorld.h; sourceTree = "<group>"; };
		E9FA6E8C1979DB2700113827 /* main.cpp */ = {isa = PBXFileReference; lastKnownFileType = sourcecode.cpp.cpp; name = main.cpp; path = "Supporting files/main.cpp"; sourceTree = "<group>"; };
		E9FA6E8E1979DB2700113827 /* Ur-Info.plist */ = {isa = PBXFileReference; lastKnownFileType = text.plist.xml; name = "Ur-Info.plist"; path = "Supporting files/Ur-Info.plist"; sourceTree = "<group>"; };
		E9FA6E8F1979DB2700113827 /* Ur-Prefix.pch */ = {isa = PBXFileReference; lastKnownFileType = sourcecode.c.h; name = "Ur-Prefix.pch"; path = "Supporting files/Ur-Prefix.pch"; sourceTree = "<group>"; };
		E9FA6E991979DBA100113827 /* Resources */ = {isa = PBXFileReference; lastKnownFileType = folder; name = Resources; path = Ur/Resources; sourceTree = "<group>"; };
		E9FA6EA3197A019000113827 /* URSpaceShip.cpp */ = {isa = PBXFileReference; fileEncoding = 4; lastKnownFileType = sourcecode.cpp.cpp; name = URSpaceShip.cpp; path = Classes/URSpaceShip.cpp; sourceTree = "<group>"; };
		E9FA6EA5197A019B00113827 /* URSpaceShip.h */ = {isa = PBXFileReference; lastKnownFileType = sourcecode.c.h; name = URSpaceShip.h; path = Classes/URSpaceShip.h; sourceTree = "<group>"; };
/* End PBXFileReference section */

/* Begin PBXFrameworksBuildPhase section */
		E9FA6E7D1979DB2700113827 /* Frameworks */ = {
			isa = PBXFrameworksBuildPhase;
			buildActionMask = 2147483647;
			files = (
			);
			runOnlyForDeploymentPostprocessing = 0;
		};
/* End PBXFrameworksBuildPhase section */

/* Begin PBXGroup section */
		E9676A9D197A8F620054F01A /* Vendor */ = {
			isa = PBXGroup;
			children = (
				E9676A9E197A8F620054F01A /* enet */,
			);
			name = Vendor;
			path = Ur/Vendor;
			sourceTree = "<group>";
		};
		E9676A9E197A8F620054F01A /* enet */ = {
			isa = PBXGroup;
			children = (
				E9676A9F197A8F620054F01A /* callbacks.c */,
				E9676AA1197A8F620054F01A /* compress.c */,
				E9676AAE197A8F620054F01A /* host.c */,
				E9676ABC197A8F620054F01A /* list.c */,
				E9676AC0197A8F620054F01A /* packet.c */,
				E9676AC1197A8F620054F01A /* peer.c */,
				E9676AC2197A8F620054F01A /* protocol.c */,
				E9676AC4197A8F620054F01A /* unix.c */,
			);
			path = enet;
			sourceTree = "<group>";
		};
		E9FA6E771979DB2700113827 = {
			isa = PBXGroup;
			children = (
				E9FA6E841979DB2700113827 /* Classes */,
				E9FA6E8B1979DB2700113827 /* Supporting files */,
				E9676A9D197A8F620054F01A /* Vendor */,
				E9FA6E991979DBA100113827 /* Resources */,
				E9FA6E821979DB2700113827 /* Products */,
			);
			sourceTree = "<group>";
		};
		E9FA6E821979DB2700113827 /* Products */ = {
			isa = PBXGroup;
			children = (
				E9FA6E811979DB2700113827 /* Ur.app */,
			);
			name = Products;
			sourceTree = "<group>";
		};
		E9FA6E841979DB2700113827 /* Classes */ = {
			isa = PBXGroup;
			children = (
				E9FA6E851979DB2700113827 /* URApplication.cpp */,
				E9FA6E871979DB2700113827 /* URApplication.h */,
				E9FA6EA3197A019000113827 /* URSpaceShip.cpp */,
				E9FA6EA5197A019B00113827 /* URSpaceShip.h */,
				E9676AE6197AB95A0054F01A /* UREnemy.cpp */,
				E9676AE5197AB9430054F01A /* UREnemy.h */,
				E9FA6E881979DB2700113827 /* URWorld.cpp */,
				E9FA6E8A1979DB2700113827 /* URWorld.h */,
				E9676AD8197A90DD0054F01A /* URServer.cpp */,
				E9676ADA197A90E90054F01A /* URServer.h */,
				E9676ADB197A92630054F01A /* URClient.cpp */,
				E9676ADD197A92C70054F01A /* URClient.h */,
				E9676ADE197AA0970054F01A /* URPacket.h */,
				E9676AE8197AE5810054F01A /* URMissile.cpp */,
				E9676AEA197AE58E0054F01A /* URMissile.h */,
			);
			name = Classes;
			path = Ur;
			sourceTree = "<group>";
		};
		E9FA6E8B1979DB2700113827 /* Supporting files */ = {
			isa = PBXGroup;
			children = (
				E9FA6E8C1979DB2700113827 /* main.cpp */,
				E9FA6E8E1979DB2700113827 /* Ur-Info.plist */,
				E9FA6E8F1979DB2700113827 /* Ur-Prefix.pch */,
			);
			name = "Supporting files";
			path = Ur;
			sourceTree = "<group>";
		};
/* End PBXGroup section */

/* Begin PBXHeadersBuildPhase section */
		E9FA6E7E1979DB2700113827 /* Headers */ = {
			isa = PBXHeadersBuildPhase;
			buildActionMask = 2147483647;
			files = (
				E9FA6E901979DB2700113827 /* Ur-Prefix.pch in Headers */,
			);
			runOnlyForDeploymentPostprocessing = 0;
		};
/* End PBXHeadersBuildPhase section */

/* Begin PBXNativeTarget section */
		E9FA6E801979DB2700113827 /* Ur */ = {
			isa = PBXNativeTarget;
			buildConfigurationList = E9FA6E961979DB2700113827 /* Build configuration list for PBXNativeTarget "Ur" */;
			buildPhases = (
				E9FA6E7C1979DB2700113827 /* Sources */,
				E9FA6E7D1979DB2700113827 /* Frameworks */,
				E9FA6E7E1979DB2700113827 /* Headers */,
				E9FA6E7F1979DB2700113827 /* ShellScript */,
			);
			buildRules = (
			);
			dependencies = (
			);
			name = Ur;
			productName = Ur;
			productReference = E9FA6E811979DB2700113827 /* Ur.app */;
			productType = "com.apple.product-type.application";
		};
/* End PBXNativeTarget section */

/* Begin PBXProject section */
		E9FA6E781979DB2700113827 /* Project object */ = {
			isa = PBXProject;
			attributes = {
				LastUpgradeCheck = 0600;
				ORGANIZATIONNAME = "Überpixel";
				TargetAttributes = {
					E9FA6E801979DB2700113827 = {
						CreatedOnToolsVersion = 6.0;
					};
				};
			};
			buildConfigurationList = E9FA6E7B1979DB2700113827 /* Build configuration list for PBXProject "Ur" */;
			compatibilityVersion = "Xcode 3.2";
			developmentRegion = English;
			hasScannedForEncodings = 0;
			knownRegions = (
				en,
			);
			mainGroup = E9FA6E771979DB2700113827;
			productRefGroup = E9FA6E821979DB2700113827 /* Products */;
			projectDirPath = "";
			projectRoot = "";
			targets = (
				E9FA6E801979DB2700113827 /* Ur */,
			);
		};
/* End PBXProject section */

/* Begin PBXShellScriptBuildPhase section */
		E9FA6E7F1979DB2700113827 /* ShellScript */ = {
			isa = PBXShellScriptBuildPhase;
			buildActionMask = 2147483647;
			files = (
			);
			inputPaths = (
			);
			outputPaths = (
			);
			runOnlyForDeploymentPostprocessing = 0;
			shellPath = /bin/sh;
			shellScript = "OUTPUT_DIR=\"$BUILT_PRODUCTS_DIR/$CONTENTS_FOLDER_PATH/Resources/\"\nRESOURCES_DIR=\"$PROJECT_DIR/$TARGET_NAME/Resources/\"\n\nrsync -avz \"$RESOURCES_DIR\" \"$OUTPUT_DIR\"\n\t\t\t\t\t";
		};
/* End PBXShellScriptBuildPhase section */

/* Begin PBXSourcesBuildPhase section */
		E9FA6E7C1979DB2700113827 /* Sources */ = {
			isa = PBXSourcesBuildPhase;
			buildActionMask = 2147483647;
			files = (
				E9FA6E861979DB2700113827 /* URApplication.cpp in Sources */,
				E9676AC7197A8F620054F01A /* compress.c in Sources */,
				E9676AD3197A8F620054F01A /* packet.c in Sources */,
				E9FA6E891979DB2700113827 /* URWorld.cpp in Sources */,
				E9676AD2197A8F620054F01A /* list.c in Sources */,
				E9676ADC197A92630054F01A /* URClient.cpp in Sources */,
				E9676AD4197A8F620054F01A /* peer.c in Sources */,
				E9676AD5197A8F620054F01A /* protocol.c in Sources */,
				E9676AC6197A8F620054F01A /* callbacks.c in Sources */,
				E9676AD9197A90DD0054F01A /* URServer.cpp in Sources */,
				E9676AC8197A8F620054F01A /* host.c in Sources */,
				E9676AE9197AE5810054F01A /* URMissile.cpp in Sources */,
				E9FA6E8D1979DB2700113827 /* main.cpp in Sources */,
				E9FA6EA4197A019000113827 /* URSpaceShip.cpp in Sources */,
				E9676AE7197AB95A0054F01A /* UREnemy.cpp in Sources */,
				E9676AD6197A8F620054F01A /* unix.c in Sources */,
			);
			runOnlyForDeploymentPostprocessing = 0;
		};
/* End PBXSourcesBuildPhase section */

/* Begin XCBuildConfiguration section */
		E9FA6E941979DB2700113827 /* Debug */ = {
			isa = XCBuildConfiguration;
			buildSettings = {
				ALWAYS_SEARCH_USER_PATHS = NO;
				CLANG_CXX_LANGUAGE_STANDARD = "gnu++0x";
				CLANG_CXX_LIBRARY = "libc++";
				CLANG_ENABLE_MODULES = YES;
				CLANG_ENABLE_OBJC_ARC = YES;
				CLANG_WARN_BOOL_CONVERSION = YES;
				CLANG_WARN_CONSTANT_CONVERSION = YES;
				CLANG_WARN_DIRECT_OBJC_ISA_USAGE = YES_ERROR;
				CLANG_WARN_EMPTY_BODY = YES;
				CLANG_WARN_ENUM_CONVERSION = YES;
				CLANG_WARN_INT_CONVERSION = YES;
				CLANG_WARN_OBJC_ROOT_CLASS = YES_ERROR;
				CLANG_WARN_UNREACHABLE_CODE = YES;
				CLANG_WARN__DUPLICATE_METHOD_MATCH = YES;
				COPY_PHASE_STRIP = NO;
				ENABLE_STRICT_OBJC_MSGSEND = YES;
				GCC_C_LANGUAGE_STANDARD = gnu99;
				GCC_DYNAMIC_NO_PIC = NO;
				GCC_OPTIMIZATION_LEVEL = 0;
				GCC_PREPROCESSOR_DEFINITIONS = (
					"DEBUG=1",
					"$(inherited)",
				);
				GCC_SYMBOLS_PRIVATE_EXTERN = NO;
				GCC_WARN_64_TO_32_BIT_CONVERSION = YES;
				GCC_WARN_ABOUT_RETURN_TYPE = YES_ERROR;
				GCC_WARN_UNDECLARED_SELECTOR = YES;
				GCC_WARN_UNINITIALIZED_AUTOS = YES_AGGRESSIVE;
				GCC_WARN_UNUSED_FUNCTION = YES;
				GCC_WARN_UNUSED_VARIABLE = YES;
				MTL_ENABLE_DEBUG_INFO = YES;
				ONLY_ACTIVE_ARCH = YES;
			};
			name = Debug;
		};
		E9FA6E951979DB2700113827 /* Release */ = {
			isa = XCBuildConfiguration;
			buildSettings = {
				ALWAYS_SEARCH_USER_PATHS = NO;
				CLANG_CXX_LANGUAGE_STANDARD = "gnu++0x";
				CLANG_CXX_LIBRARY = "libc++";
				CLANG_ENABLE_MODULES = YES;
				CLANG_ENABLE_OBJC_ARC = YES;
				CLANG_WARN_BOOL_CONVERSION = YES;
				CLANG_WARN_CONSTANT_CONVERSION = YES;
				CLANG_WARN_DIRECT_OBJC_ISA_USAGE = YES_ERROR;
				CLANG_WARN_EMPTY_BODY = YES;
				CLANG_WARN_ENUM_CONVERSION = YES;
				CLANG_WARN_INT_CONVERSION = YES;
				CLANG_WARN_OBJC_ROOT_CLASS = YES_ERROR;
				CLANG_WARN_UNREACHABLE_CODE = YES;
				CLANG_WARN__DUPLICATE_METHOD_MATCH = YES;
				COPY_PHASE_STRIP = YES;
				ENABLE_NS_ASSERTIONS = NO;
				ENABLE_STRICT_OBJC_MSGSEND = YES;
				GCC_C_LANGUAGE_STANDARD = gnu99;
				GCC_WARN_64_TO_32_BIT_CONVERSION = YES;
				GCC_WARN_ABOUT_RETURN_TYPE = YES_ERROR;
				GCC_WARN_UNDECLARED_SELECTOR = YES;
				GCC_WARN_UNINITIALIZED_AUTOS = YES_AGGRESSIVE;
				GCC_WARN_UNUSED_FUNCTION = YES;
				GCC_WARN_UNUSED_VARIABLE = YES;
				MTL_ENABLE_DEBUG_INFO = NO;
			};
			name = Release;
		};
		E9FA6E971979DB2700113827 /* Debug */ = {
			isa = XCBuildConfiguration;
			buildSettings = {
				GCC_PRECOMPILE_PREFIX_HEADER = YES;
				GCC_PREFIX_HEADER = "Ur/Supporting files/Ur-Prefix.pch";
				HEADER_SEARCH_PATHS = (
					"$(inherited)",
					/usr/local/include/rayne/,
					"\"$(SRCROOT)/Ur/Resources/modules/bullet/include\"/**",
					"\"$(SRCROOT)/Ur/Vendor/enet/include\"",
				);
				INFOPLIST_FILE = "Ur/Supporting files/Ur-Info.plist";
				LIBRARY_SEARCH_PATHS = (
					"$(inherited)",
					/usr/local/lib/,
					"\"$(SRCROOT)/Ur/Resources/modules/bullet\"",
				);
				OTHER_LDFLAGS = (
					"-lRayne",
					"-lrayne-bullet",
				);
				PRODUCT_NAME = "$(TARGET_NAME)";
				WRAPPER_EXTENSION = app;
			};
			name = Debug;
		};
		E9FA6E981979DB2700113827 /* Release */ = {
			isa = XCBuildConfiguration;
			buildSettings = {
				GCC_PRECOMPILE_PREFIX_HEADER = YES;
				GCC_PREFIX_HEADER = "Ur/Supporting files/Ur-Prefix.pch";
				GCC_PREPROCESSOR_DEFINITIONS = (
					"$(inherited)",
					"NDEBUG=1",
				);
				HEADER_SEARCH_PATHS = (
					"$(inherited)",
					/usr/local/include/rayne/,
					"\"$(SRCROOT)/Ur/Resources/modules/bullet/include\"/**",
					"\"$(SRCROOT)/Ur/Vendor/enet/include\"",
				);
				INFOPLIST_FILE = "Ur/Supporting files/Ur-Info.plist";
				LIBRARY_SEARCH_PATHS = (
					"$(inherited)",
					/usr/local/lib/,
					"\"$(SRCROOT)/Ur/Resources/modules/bullet\"",
				);
				OTHER_LDFLAGS = (
					"-lRayne",
					"-lrayne-bullet",
				);
				PRODUCT_NAME = "$(TARGET_NAME)";
				WRAPPER_EXTENSION = app;
			};
			name = Release;
		};
/* End XCBuildConfiguration section */

/* Begin XCConfigurationList section */
		E9FA6E7B1979DB2700113827 /* Build configuration list for PBXProject "Ur" */ = {
			isa = XCConfigurationList;
			buildConfigurations = (
				E9FA6E941979DB2700113827 /* Debug */,
				E9FA6E951979DB2700113827 /* Release */,
			);
			defaultConfigurationIsVisible = 0;
			defaultConfigurationName = Release;
		};
		E9FA6E961979DB2700113827 /* Build configuration list for PBXNativeTarget "Ur" */ = {
			isa = XCConfigurationList;
			buildConfigurations = (
				E9FA6E971979DB2700113827 /* Debug */,
				E9FA6E981979DB2700113827 /* Release */,
			);
			defaultConfigurationIsVisible = 0;
			defaultConfigurationName = Release;
		};
/* End XCConfigurationList section */
	};
	rootObject = E9FA6E781979DB2700113827 /* Project object */;
}
